
Microsoft Visual Studio Solution File, Format Version 12.00
# Visual Studio Version 16
VisualStudioVersion = 16.0.31702.278
MinimumVisualStudioVersion = 10.0.40219.1
Project("{9A19103F-16F7-4668-BE54-9A1E7A4F7556}") = "webapi", "webapi.csproj", "{465D604D-FE54-4B12-86A2-16A7ECD9B09A}"
EndProject
Global
	GlobalSection(SolutionConfigurationPlatforms) = preSolution
		Debug|Any CPU = Debug|Any CPU
		Release|Any CPU = Release|Any CPU
	EndGlobalSection
	GlobalSection(ProjectConfigurationPlatforms) = postSolution
		{465D604D-FE54-4B12-86A2-16A7ECD9B09A}.Debug|Any CPU.ActiveCfg = Debug|Any CPU
		{465D604D-FE54-4B12-86A2-16A7ECD9B09A}.Debug|Any CPU.Build.0 = Debug|Any CPU
		{465D604D-FE54-4B12-86A2-16A7ECD9B09A}.Release|Any CPU.ActiveCfg = Release|Any CPU
		{465D604D-FE54-4B12-86A2-16A7ECD9B09A}.Release|Any CPU.Build.0 = Release|Any CPU
	EndGlobalSection
	GlobalSection(SolutionProperties) = preSolution
		HideSolutionNode = FALSE
	EndGlobalSection
	GlobalSection(ExtensibilityGlobals) = postSolution
		SolutionGuid = {B7DFB070-ACC3-4F7F-A8BE-71E5A06C5BFE}
	EndGlobalSection
EndGlobal
